// !$*UTF8*$!
{
	archiveVersion = 1;
	classes = {
	};
	objectVersion = 46;
	objects = {

/* Begin PBXBuildFile section */
		3D0627FFD0DBD705F7A779EB /* libPods.a in Frameworks */ = {isa = PBXBuildFile; fileRef = C2C12CD7E9D3B70E9887678F /* libPods.a */; };
		5721FAF31C3AB72400DAD43C /* main.m in Sources */ = {isa = PBXBuildFile; fileRef = 5721FAF21C3AB72400DAD43C /* main.m */; };
		5721FAF61C3AB72400DAD43C /* AppDelegate.m in Sources */ = {isa = PBXBuildFile; fileRef = 5721FAF51C3AB72400DAD43C /* AppDelegate.m */; };
		5721FAF81C3AB72400DAD43C /* Assets.xcassets in Resources */ = {isa = PBXBuildFile; fileRef = 5721FAF71C3AB72400DAD43C /* Assets.xcassets */; };
		5721FAFB1C3AB72400DAD43C /* LaunchScreen.storyboard in Resources */ = {isa = PBXBuildFile; fileRef = 5721FAF91C3AB72400DAD43C /* LaunchScreen.storyboard */; };
/* End PBXBuildFile section */

/* Begin PBXFileReference section */
		39F66B79C33335D6E19D9B94 /* Pods.release.xcconfig */ = {isa = PBXFileReference; includeInIndex = 1; lastKnownFileType = text.xcconfig; name = Pods.release.xcconfig; path = "Pods/Target Support Files/Pods/Pods.release.xcconfig"; sourceTree = "<group>"; };
		5721FAEE1C3AB72400DAD43C /* DataTestDemo.app */ = {isa = PBXFileReference; explicitFileType = wrapper.application; includeInIndex = 0; path = DataTestDemo.app; sourceTree = BUILT_PRODUCTS_DIR; };
		5721FAF21C3AB72400DAD43C /* main.m */ = {isa = PBXFileReference; lastKnownFileType = sourcecode.c.objc; path = main.m; sourceTree = "<group>"; };
		5721FAF41C3AB72400DAD43C /* AppDelegate.h */ = {isa = PBXFileReference; lastKnownFileType = sourcecode.c.h; path = AppDelegate.h; sourceTree = "<group>"; };
		5721FAF51C3AB72400DAD43C /* AppDelegate.m */ = {isa = PBXFileReference; lastKnownFileType = sourcecode.c.objc; path = AppDelegate.m; sourceTree = "<group>"; };
		5721FAF71C3AB72400DAD43C /* Assets.xcassets */ = {isa = PBXFileReference; lastKnownFileType = folder.assetcatalog; path = Assets.xcassets; sourceTree = "<group>"; };
		5721FAFA1C3AB72400DAD43C /* Base */ = {isa = PBXFileReference; lastKnownFileType = file.storyboard; name = Base; path = Base.lproj/LaunchScreen.storyboard; sourceTree = "<group>"; };
		5721FAFC1C3AB72400DAD43C /* Info.plist */ = {isa = PBXFileReference; lastKnownFileType = text.plist.xml; path = Info.plist; sourceTree = "<group>"; };
		B3B901E8F0CF80573AB96752 /* Pods.debug.xcconfig */ = {isa = PBXFileReference; includeInIndex = 1; lastKnownFileType = text.xcconfig; name = Pods.debug.xcconfig; path = "Pods/Target Support Files/Pods/Pods.debug.xcconfig"; sourceTree = "<group>"; };
		C2C12CD7E9D3B70E9887678F /* libPods.a */ = {isa = PBXFileReference; explicitFileType = archive.ar; includeInIndex = 0; path = libPods.a; sourceTree = BUILT_PRODUCTS_DIR; };
/* End PBXFileReference section */

/* Begin PBXFrameworksBuildPhase section */
		5721FAEB1C3AB72400DAD43C /* Frameworks */ = {
			isa = PBXFrameworksBuildPhase;
			buildActionMask = 2147483647;
			files = (
				3D0627FFD0DBD705F7A779EB /* libPods.a in Frameworks */,
			);
			runOnlyForDeploymentPostprocessing = 0;
		};
/* End PBXFrameworksBuildPhase section */

/* Begin PBXGroup section */
		2FD15FF9C7713C55DC72DDC1 /* Frameworks */ = {
			isa = PBXGroup;
			children = (
				C2C12CD7E9D3B70E9887678F /* libPods.a */,
			);
			name = Frameworks;
			sourceTree = "<group>";
		};
		5721FAE51C3AB72400DAD43C = {
			isa = PBXGroup;
			children = (
				5721FAF01C3AB72400DAD43C /* DataTestDemo */,
				5721FAEF1C3AB72400DAD43C /* Products */,
				D4F96E2193BAB57986638063 /* Pods */,
				2FD15FF9C7713C55DC72DDC1 /* Frameworks */,
			);
			sourceTree = "<group>";
		};
		5721FAEF1C3AB72400DAD43C /* Products */ = {
			isa = PBXGroup;
			children = (
				5721FAEE1C3AB72400DAD43C /* DataTestDemo.app */,
			);
			name = Products;
			sourceTree = "<group>";
		};
		5721FAF01C3AB72400DAD43C /* DataTestDemo */ = {
			isa = PBXGroup;
			children = (
				5721FAF41C3AB72400DAD43C /* AppDelegate.h */,
				5721FAF51C3AB72400DAD43C /* AppDelegate.m */,
				5721FAF71C3AB72400DAD43C /* Assets.xcassets */,
				5721FAF91C3AB72400DAD43C /* LaunchScreen.storyboard */,
				5721FAFC1C3AB72400DAD43C /* Info.plist */,
				5721FAF11C3AB72400DAD43C /* Supporting Files */,
			);
			path = DataTestDemo;
			sourceTree = "<group>";
		};
		5721FAF11C3AB72400DAD43C /* Supporting Files */ = {
			isa = PBXGroup;
			children = (
				5721FAF21C3AB72400DAD43C /* main.m */,
			);
			name = "Supporting Files";
			sourceTree = "<group>";
		};
		D4F96E2193BAB57986638063 /* Pods */ = {
			isa = PBXGroup;
			children = (
				B3B901E8F0CF80573AB96752 /* Pods.debug.xcconfig */,
				39F66B79C33335D6E19D9B94 /* Pods.release.xcconfig */,
			);
			name = Pods;
			sourceTree = "<group>";
		};
/* End PBXGroup section */

/* Begin PBXNativeTarget section */
		5721FAED1C3AB72400DAD43C /* DataTestDemo */ = {
			isa = PBXNativeTarget;
			buildConfigurationList = 5721FAFF1C3AB72400DAD43C /* Build configuration list for PBXNativeTarget "DataTestDemo" */;
			buildPhases = (
				6F217B6F6D3CEBBD70F38F21 /* Check Pods Manifest.lock */,
				5721FAEA1C3AB72400DAD43C /* Sources */,
				5721FAEB1C3AB72400DAD43C /* Frameworks */,
				5721FAEC1C3AB72400DAD43C /* Resources */,
				F3C6751DF8EEEAC2B704E01D /* Copy Pods Resources */,
			);
			buildRules = (
			);
			dependencies = (
			);
			name = DataTestDemo;
			productName = DataTestDemo;
			productReference = 5721FAEE1C3AB72400DAD43C /* DataTestDemo.app */;
			productType = "com.apple.product-type.application";
		};
/* End PBXNativeTarget section */

/* Begin PBXProject section */
		5721FAE61C3AB72400DAD43C /* Project object */ = {
			isa = PBXProject;
			attributes = {
				LastUpgradeCheck = 0720;
				ORGANIZATIONNAME = chengxun;
				TargetAttributes = {
					5721FAED1C3AB72400DAD43C = {
						CreatedOnToolsVersion = 7.2;
					};
				};
			};
			buildConfigurationList = 5721FAE91C3AB72400DAD43C /* Build configuration list for PBXProject "DataTestDemo" */;
			compatibilityVersion = "Xcode 3.2";
			developmentRegion = English;
			hasScannedForEncodings = 0;
			knownRegions = (
				en,
				Base,
			);
			mainGroup = 5721FAE51C3AB72400DAD43C;
			productRefGroup = 5721FAEF1C3AB72400DAD43C /* Products */;
			projectDirPath = "";
			projectRoot = "";
			targets = (
				5721FAED1C3AB72400DAD43C /* DataTestDemo */,
			);
		};
/* End PBXProject section */

/* Begin PBXResourcesBuildPhase section */
		5721FAEC1C3AB72400DAD43C /* Resources */ = {
			isa = PBXResourcesBuildPhase;
			buildActionMask = 2147483647;
			files = (
				5721FAF81C3AB72400DAD43C /* Assets.xcassets in Resources */,
				5721FAFB1C3AB72400DAD43C /* LaunchScreen.storyboard in Resources */,
			);
			runOnlyForDeploymentPostprocessing = 0;
		};
/* End PBXResourcesBuildPhase section */

/* Begin PBXShellScriptBuildPhase section */
		6F217B6F6D3CEBBD70F38F21 /* Check Pods Manifest.lock */ = {
			isa = PBXShellScriptBuildPhase;
			buildActionMask = 2147483647;
			files = (
			);
			inputPaths = (
			);
			name = "Check Pods Manifest.lock";
			outputPaths = (
			);
			runOnlyForDeploymentPostprocessing = 0;
			shellPath = /bin/sh;
			shellScript = "diff \"${PODS_ROOT}/../Podfile.lock\" \"${PODS_ROOT}/Manifest.lock\" > /dev/null\nif [[ $? != 0 ]] ; then\n    cat << EOM\nerror: The sandbox is not in sync with the Podfile.lock. Run 'pod install' or update your CocoaPods installation.\nEOM\n    exit 1\nfi\n";
			showEnvVarsInLog = 0;
		};
		F3C6751DF8EEEAC2B704E01D /* Copy Pods Resources */ = {
			isa = PBXShellScriptBuildPhase;
			buildActionMask = 2147483647;
			files = (
			);
			inputPaths = (
			);
			name = "Copy Pods Resources";
			outputPaths = (
			);
			runOnlyForDeploymentPostprocessing = 0;
			shellPath = /bin/sh;
			shellScript = "\"${SRCROOT}/Pods/Target Support Files/Pods/Pods-resources.sh\"\n";
			showEnvVarsInLog = 0;
		};
/* End PBXShellScriptBuildPhase section */

/* Begin PBXSourcesBuildPhase section */
		5721FAEA1C3AB72400DAD43C /* Sources */ = {
			isa = PBXSourcesBuildPhase;
			buildActionMask = 2147483647;
			files = (
				5721FAF61C3AB72400DAD43C /* AppDelegate.m in Sources */,
				5721FAF31C3AB72400DAD43C /* main.m in Sources */,
			);
			runOnlyForDeploymentPostprocessing = 0;
		};
/* End PBXSourcesBuildPhase section */

/* Begin PBXVariantGroup section */
		5721FAF91C3AB72400DAD43C /* LaunchScreen.storyboard */ = {
			isa = PBXVariantGroup;
			children = (
				5721FAFA1C3AB72400DAD43C /* Base */,
			);
			name = LaunchScreen.storyboard;
			sourceTree = "<group>";
		};
/* End PBXVariantGroup section */

/* Begin XCBuildConfiguration section */
		5721FAFD1C3AB72400DAD43C /* Debug */ = {
			isa = XCBuildConfiguration;
			buildSettings = {
				ALWAYS_SEARCH_USER_PATHS = NO;
				CLANG_CXX_LANGUAGE_STANDARD = "gnu++0x";
				CLANG_CXX_LIBRARY = "libc++";
				CLANG_ENABLE_MODULES = YES;
				CLANG_ENABLE_OBJC_ARC = YES;
				CLANG_WARN_BOOL_CONVERSION = YES;
				CLANG_WARN_CONSTANT_CONVERSION = YES;
				CLANG_WARN_DIRECT_OBJC_ISA_USAGE = YES_ERROR;
				CLANG_WARN_EMPTY_BODY = YES;
				CLANG_WARN_ENUM_CONVERSION = YES;
				CLANG_WARN_INT_CONVERSION = YES;
				CLANG_WARN_OBJC_ROOT_CLASS = YES_ERROR;
				CLANG_WARN_UNREACHABLE_CODE = YES;
				CLANG_WARN__DUPLICATE_METHOD_MATCH = YES;
				"CODE_SIGN_IDENTITY[sdk=iphoneos*]" = "iPhone Developer";
				COPY_PHASE_STRIP = NO;
				DEBUG_INFORMATION_FORMAT = dwarf;
				ENABLE_STRICT_OBJC_MSGSEND = YES;
				ENABLE_TESTABILITY = YES;
				GCC_C_LANGUAGE_STANDARD = gnu99;
				GCC_DYNAMIC_NO_PIC = NO;
				GCC_NO_COMMON_BLOCKS = YES;
				GCC_OPTIMIZATION_LEVEL = 0;
				GCC_PREPROCESSOR_DEFINITIONS = (
					"DEBUG=1",
					"$(inherited)",
				);
				GCC_WARN_64_TO_32_BIT_CONVERSION = YES;
				GCC_WARN_ABOUT_RETURN_TYPE = YES_ERROR;
				GCC_WARN_UNDECLARED_SELECTOR = YES;
				GCC_WARN_UNINITIALIZED_AUTOS = YES_AGGRESSIVE;
				GCC_WARN_UNUSED_FUNCTION = YES;
				GCC_WARN_UNUSED_VARIABLE = YES;
				IPHONEOS_DEPLOYMENT_TARGET = 9.2;
				MTL_ENABLE_DEBUG_INFO = YES;
				ONLY_ACTIVE_ARCH = YES;
				SDKROOT = iphoneos;
			};
			name = Debug;
		};
		5721FAFE1C3AB72400DAD43C /* Release */ = {
			isa = XCBuildConfiguration;
			buildSettings = {
				ALWAYS_SEARCH_USER_PATHS = NO;
				CLANG_CXX_LANGUAGE_STANDARD = "gnu++0x";
				CLANG_CXX_LIBRARY = "libc++";
				CLANG_ENABLE_MODULES = YES;
				CLANG_ENABLE_OBJC_ARC = YES;
				CLANG_WARN_BOOL_CONVERSION = YES;
				CLANG_WARN_CONSTANT_CONVERSION = YES;
				CLANG_WARN_DIRECT_OBJC_ISA_USAGE = YES_ERROR;
				CLANG_WARN_EMPTY_BODY = YES;
				CLANG_WARN_ENUM_CONVERSION = YES;
				CLANG_WARN_INT_CONVERSION = YES;
				CLANG_WARN_OBJC_ROOT_CLASS = YES_ERROR;
				CLANG_WARN_UNREACHABLE_CODE = YES;
				CLANG_WARN__DUPLICATE_METHOD_MATCH = YES;
				"CODE_SIGN_IDENTITY[sdk=iphoneos*]" = "iPhone Developer";
				COPY_PHASE_STRIP = NO;
				DEBUG_INFORMATION_FORMAT = "dwarf-with-dsym";
				ENABLE_NS_ASSERTIONS = NO;
				ENABLE_STRICT_OBJC_MSGSEND = YES;
				GCC_C_LANGUAGE_STANDARD = gnu99;
				GCC_NO_COMMON_BLOCKS = YES;
				GCC_WARN_64_TO_32_BIT_CONVERSION = YES;
				GCC_WARN_ABOUT_RETURN_TYPE = YES_ERROR;
				GCC_WARN_UNDECLARED_SELECTOR = YES;
				GCC_WARN_UNINITIALIZED_AUTOS = YES_AGGRESSIVE;
				GCC_WARN_UNUSED_FUNCTION = YES;
				GCC_WARN_UNUSED_VARIABLE = YES;
				IPHONEOS_DEPLOYMENT_TARGET = 9.2;
				MTL_ENABLE_DEBUG_INFO = NO;
				SDKROOT = iphoneos;
				VALIDATE_PRODUCT = YES;
			};
			name = Release;
		};
		5721FB001C3AB72400DAD43C /* Debug */ = {
			isa = XCBuildConfiguration;
			baseConfigurationReference = B3B901E8F0CF80573AB96752 /* Pods.debug.xcconfig */;
			buildSettings = {
				ASSETCATALOG_COMPILER_APPICON_NAME = AppIcon;
				INFOPLIST_FILE = DataTestDemo/Info.plist;
				LD_RUNPATH_SEARCH_PATHS = "$(inherited) @executable_path/Frameworks";
				PRODUCT_BUNDLE_IDENTIFIER = com.haodou.www.DataTestDemo;
				PRODUCT_NAME = "$(TARGET_NAME)";
			};
			name = Debug;
		};
		5721FB011C3AB72400DAD43C /* Release */ = {
			isa = XCBuildConfiguration;
			baseConfigurationReference = 39F66B79C33335D6E19D9B94 /* Pods.release.xcconfig */;
			buildSettings = {
				ASSETCATALOG_COMPILER_APPICON_NAME = AppIcon;
				INFOPLIST_FILE = DataTestDemo/Info.plist;
				LD_RUNPATH_SEARCH_PATHS = "$(inherited) @executable_path/Frameworks";
				PRODUCT_BUNDLE_IDENTIFIER = com.haodou.www.DataTestDemo;
				PRODUCT_NAME = "$(TARGET_NAME)";
			};
			name = Release;
		};
/* End XCBuildConfiguration section */

/* Begin XCConfigurationList section */
		5721FAE91C3AB72400DAD43C /* Build configuration list for PBXProject "DataTestDemo" */ = {
			isa = XCConfigurationList;
			buildConfigurations = (
				5721FAFD1C3AB72400DAD43C /* Debug */,
				5721FAFE1C3AB72400DAD43C /* Release */,
			);
			defaultConfigurationIsVisible = 0;
			defaultConfigurationName = Release;
		};
		5721FAFF1C3AB72400DAD43C /* Build configuration list for PBXNativeTarget "DataTestDemo" */ = {
			isa = XCConfigurationList;
			buildConfigurations = (
				5721FB001C3AB72400DAD43C /* Debug */,
				5721FB011C3AB72400DAD43C /* Release */,
			);
			defaultConfigurationIsVisible = 0;
			defaultConfigurationName = Release;
		};
/* End XCConfigurationList section */
	};
	rootObject = 5721FAE61C3AB72400DAD43C /* Project object */;
}
